# This file is automatically @generated by Cargo.
# It is not intended for manual editing.
version = 4

[[package]]
name = "morph"
version = "0.1.0"
dependencies = [
 "morphc",
 "morphrt",
]

[[package]]
name = "morphc"
version = "0.1.0"

[[package]]
name = "morphrt"
version = "0.1.0"
dependencies = [
 "morphc",
]
